
Microsoft Visual Studio Solution File, Format Version 12.00
# Visual Studio Version 17
VisualStudioVersion = 17.8.34309.116
MinimumVisualStudioVersion = 10.0.40219.1
Project("{FAE04EC0-301F-11D3-BF4B-00C04F79EFBC}") = "2048", "2048\2048.csproj", "{7421111A-D21E-427A-8E09-A713422AE3CE}"
EndProject
Global
	GlobalSection(SolutionConfigurationPlatforms) = preSolution
		Debug|Any CPU = Debug|Any CPU
		Release|Any CPU = Release|Any CPU
	EndGlobalSection
	GlobalSection(ProjectConfigurationPlatforms) = postSolution
		{7421111A-D21E-427A-8E09-A713422AE3CE}.Debug|Any CPU.ActiveCfg = Debug|Any CPU
		{7421111A-D21E-427A-8E09-A713422AE3CE}.Debug|Any CPU.Build.0 = Debug|Any CPU
		{7421111A-D21E-427A-8E09-A713422AE3CE}.Release|Any CPU.ActiveCfg = Release|Any CPU
		{7421111A-D21E-427A-8E09-A713422AE3CE}.Release|Any CPU.Build.0 = Release|Any CPU
	EndGlobalSection
	GlobalSection(SolutionProperties) = preSolution
		HideSolutionNode = FALSE
	EndGlobalSection
	GlobalSection(ExtensibilityGlobals) = postSolution
		SolutionGuid = {0F5C8F58-036D-470F-A104-D0DFF33664A5}
	EndGlobalSection
EndGlobal
